# This file is automatically @generated by Cargo.
# It is not intended for manual editing.
version = 4

[[package]]
name = "blacksilk-px-core"
version = "0.1.0"

[[package]]
name = "blacksilk-zkvm-sdk"
version = "0.1.0"

[[package]]
name = "guest-arith"
version = "0.1.0"
dependencies = [
 "blacksilk-zkvm-sdk",
]

[[package]]
name = "guest-kernel"
version = "0.1.0"
dependencies = [
 "blacksilk-px-core",
 "blacksilk-zkvm-sdk",
]

[[package]]
name = "guest-sum"
version = "0.1.0"
dependencies = [
 "blacksilk-zkvm-sdk",
]

[[package]]
name = "guest-vault"
version = "0.1.0"
dependencies = [
 "blacksilk-px-core",
 "blacksilk-zkvm-sdk",
]
